
Microsoft Visual Studio Solution File, Format Version 12.00
# Visual Studio 15
VisualStudioVersion = 15.0.28010.2048
MinimumVisualStudioVersion = 10.0.40219.1
Project("{FAE04EC0-301F-11D3-BF4B-00C04F79EFBC}") = "AzureVision.Android", "AzureVision\AzureVision.Android\AzureVision.Android.csproj", "{F49E6DCF-FFC5-409E-B34A-9743B5A3DAF7}"
EndProject
Project("{FAE04EC0-301F-11D3-BF4B-00C04F79EFBC}") = "AzureVision.iOS", "AzureVision\AzureVision.iOS\AzureVision.iOS.csproj", "{C7F33D36-3DF2-484E-83CF-42863E52F31F}"
EndProject
Project("{FAE04EC0-301F-11D3-BF4B-00C04F79EFBC}") = "AzureVision", "AzureVision\AzureVision\AzureVision.csproj", "{7A488B4C-10DB-40B8-9ADD-F87E7ED06204}"
EndProject
Global
	GlobalSection(SolutionConfigurationPlatforms) = preSolution
		Ad-Hoc|Any CPU = Ad-Hoc|Any CPU
		Ad-Hoc|iPhone = Ad-Hoc|iPhone
		Ad-Hoc|iPhoneSimulator = Ad-Hoc|iPhoneSimulator
		AppStore|Any CPU = AppStore|Any CPU
		AppStore|iPhone = AppStore|iPhone
		AppStore|iPhoneSimulator = AppStore|iPhoneSimulator
		Debug|Any CPU = Debug|Any CPU
		Debug|iPhone = Debug|iPhone
		Debug|iPhoneSimulator = Debug|iPhoneSimulator
		Release|Any CPU = Release|Any CPU
		Release|iPhone = Release|iPhone
		Release|iPhoneSimulator = Release|iPhoneSimulator
	EndGlobalSection
	GlobalSection(ProjectConfigurationPlatforms) = postSolution
		{F49E6DCF-FFC5-409E-B34A-9743B5A3DAF7}.Ad-Hoc|Any CPU.ActiveCfg = Release|Any CPU
		{F49E6DCF-FFC5-409E-B34A-9743B5A3DAF7}.Ad-Hoc|Any CPU.Build.0 = Release|Any CPU
		{F49E6DCF-FFC5-409E-B34A-9743B5A3DAF7}.Ad-Hoc|Any CPU.Deploy.0 = Release|Any CPU
		{F49E6DCF-FFC5-409E-B34A-9743B5A3DAF7}.Ad-Hoc|iPhone.ActiveCfg = Release|Any CPU
		{F49E6DCF-FFC5-409E-B34A-9743B5A3DAF7}.Ad-Hoc|iPhone.Build.0 = Release|Any CPU
		{F49E6DCF-FFC5-409E-B34A-9743B5A3DAF7}.Ad-Hoc|iPhone.Deploy.0 = Release|Any CPU
		{F49E6DCF-FFC5-409E-B34A-9743B5A3DAF7}.Ad-Hoc|iPhoneSimulator.ActiveCfg = Release|Any CPU
		{F49E6DCF-FFC5-409E-B34A-9743B5A3DAF7}.Ad-Hoc|iPhoneSimulator.Build.0 = Release|Any CPU
		{F49E6DCF-FFC5-409E-B34A-9743B5A3DAF7}.Ad-Hoc|iPhoneSimulator.Deploy.0 = Release|Any CPU
		{F49E6DCF-FFC5-409E-B34A-9743B5A3DAF7}.AppStore|Any CPU.ActiveCfg = Release|Any CPU
		{F49E6DCF-FFC5-409E-B34A-9743B5A3DAF7}.AppStore|Any CPU.Build.0 = Release|Any CPU
		{F49E6DCF-FFC5-409E-B34A-9743B5A3DAF7}.AppStore|Any CPU.Deploy.0 = Release|Any CPU
		{F49E6DCF-FFC5-409E-B34A-9743B5A3DAF7}.AppStore|iPhone.ActiveCfg = Release|Any CPU
		{F49E6DCF-FFC5-409E-B34A-9743B5A3DAF7}.AppStore|iPhone.Build.0 = Release|Any CPU
		{F49E6DCF-FFC5-409E-B34A-9743B5A3DAF7}.AppStore|iPhone.Deploy.0 = Release|Any CPU
		{F49E6DCF-FFC5-409E-B34A-9743B5A3DAF7}.AppStore|iPhoneSimulator.ActiveCfg = Release|Any CPU
		{F49E6DCF-FFC5-409E-B34A-9743B5A3DAF7}.AppStore|iPhoneSimulator.Build.0 = Release|Any CPU
		{F49E6DCF-FFC5-409E-B34A-9743B5A3DAF7}.AppStore|iPhoneSimulator.Deploy.0 = Release|Any CPU
		{F49E6DCF-FFC5-409E-B34A-9743B5A3DAF7}.Debug|Any CPU.ActiveCfg = Debug|Any CPU
		{F49E6DCF-FFC5-409E-B34A-9743B5A3DAF7}.Debug|Any CPU.Build.0 = Debug|Any CPU
		{F49E6DCF-FFC5-409E-B34A-9743B5A3DAF7}.Debug|Any CPU.Deploy.0 = Debug|Any CPU
		{F49E6DCF-FFC5-409E-B34A-9743B5A3DAF7}.Debug|iPhone.ActiveCfg = Debug|Any CPU
		{F49E6DCF-FFC5-409E-B34A-9743B5A3DAF7}.Debug|iPhone.Build.0 = Debug|Any CPU
		{F49E6DCF-FFC5-409E-B34A-9743B5A3DAF7}.Debug|iPhone.Deploy.0 = Debug|Any CPU
		{F49E6DCF-FFC5-409E-B34A-9743B5A3DAF7}.Debug|iPhoneSimulator.ActiveCfg = Debug|Any CPU
		{F49E6DCF-FFC5-409E-B34A-9743B5A3DAF7}.Debug|iPhoneSimulator.Build.0 = Debug|Any CPU
		{F49E6DCF-FFC5-409E-B34A-9743B5A3DAF7}.Debug|iPhoneSimulator.Deploy.0 = Debug|Any CPU
		{F49E6DCF-FFC5-409E-B34A-9743B5A3DAF7}.Release|Any CPU.ActiveCfg = Release|Any CPU
		{F49E6DCF-FFC5-409E-B34A-9743B5A3DAF7}.Release|Any CPU.Build.0 = Release|Any CPU
		{F49E6DCF-FFC5-409E-B34A-9743B5A3DAF7}.Release|Any CPU.Deploy.0 = Release|Any CPU
		{F49E6DCF-FFC5-409E-B34A-9743B5A3DAF7}.Release|iPhone.ActiveCfg = Release|Any CPU
		{F49E6DCF-FFC5-409E-B34A-9743B5A3DAF7}.Release|iPhone.Build.0 = Release|Any CPU
		{F49E6DCF-FFC5-409E-B34A-9743B5A3DAF7}.Release|iPhone.Deploy.0 = Release|Any CPU
		{F49E6DCF-FFC5-409E-B34A-9743B5A3DAF7}.Release|iPhoneSimulator.ActiveCfg = Release|Any CPU
		{F49E6DCF-FFC5-409E-B34A-9743B5A3DAF7}.Release|iPhoneSimulator.Build.0 = Release|Any CPU
		{F49E6DCF-FFC5-409E-B34A-9743B5A3DAF7}.Release|iPhoneSimulator.Deploy.0 = Release|Any CPU
		{C7F33D36-3DF2-484E-83CF-42863E52F31F}.Ad-Hoc|Any CPU.ActiveCfg = Ad-Hoc|iPhone
		{C7F33D36-3DF2-484E-83CF-42863E52F31F}.Ad-Hoc|Any CPU.Build.0 = Ad-Hoc|iPhone
		{C7F33D36-3DF2-484E-83CF-42863E52F31F}.Ad-Hoc|Any CPU.Deploy.0 = Ad-Hoc|iPhone
		{C7F33D36-3DF2-484E-83CF-42863E52F31F}.Ad-Hoc|iPhone.ActiveCfg = Ad-Hoc|iPhone
		{C7F33D36-3DF2-484E-83CF-42863E52F31F}.Ad-Hoc|iPhone.Build.0 = Ad-Hoc|iPhone
		{C7F33D36-3DF2-484E-83CF-42863E52F31F}.Ad-Hoc|iPhone.Deploy.0 = Ad-Hoc|iPhone
		{C7F33D36-3DF2-484E-83CF-42863E52F31F}.Ad-Hoc|iPhoneSimulator.ActiveCfg = Ad-Hoc|iPhoneSimulator
		{C7F33D36-3DF2-484E-83CF-42863E52F31F}.Ad-Hoc|iPhoneSimulator.Build.0 = Ad-Hoc|iPhoneSimulator
		{C7F33D36-3DF2-484E-83CF-42863E52F31F}.Ad-Hoc|iPhoneSimulator.Deploy.0 = Ad-Hoc|iPhoneSimulator
		{C7F33D36-3DF2-484E-83CF-42863E52F31F}.AppStore|Any CPU.ActiveCfg = AppStore|iPhone
		{C7F33D36-3DF2-484E-83CF-42863E52F31F}.AppStore|Any CPU.Build.0 = AppStore|iPhone
		{C7F33D36-3DF2-484E-83CF-42863E52F31F}.AppStore|Any CPU.Deploy.0 = AppStore|iPhone
		{C7F33D36-3DF2-484E-83CF-42863E52F31F}.AppStore|iPhone.ActiveCfg = AppStore|iPhone
		{C7F33D36-3DF2-484E-83CF-42863E52F31F}.AppStore|iPhone.Build.0 = AppStore|iPhone
		{C7F33D36-3DF2-484E-83CF-42863E52F31F}.AppStore|iPhone.Deploy.0 = AppStore|iPhone
		{C7F33D36-3DF2-484E-83CF-42863E52F31F}.AppStore|iPhoneSimulator.ActiveCfg = AppStore|iPhoneSimulator
		{C7F33D36-3DF2-484E-83CF-42863E52F31F}.AppStore|iPhoneSimulator.Build.0 = AppStore|iPhoneSimulator
		{C7F33D36-3DF2-484E-83CF-42863E52F31F}.AppStore|iPhoneSimulator.Deploy.0 = AppStore|iPhoneSimulator
		{C7F33D36-3DF2-484E-83CF-42863E52F31F}.Debug|Any CPU.ActiveCfg = Debug|iPhoneSimulator
		{C7F33D36-3DF2-484E-83CF-42863E52F31F}.Debug|Any CPU.Build.0 = Debug|iPhoneSimulator
		{C7F33D36-3DF2-484E-83CF-42863E52F31F}.Debug|Any CPU.Deploy.0 = Debug|iPhoneSimulator
		{C7F33D36-3DF2-484E-83CF-42863E52F31F}.Debug|iPhone.ActiveCfg = Debug|iPhone
		{C7F33D36-3DF2-484E-83CF-42863E52F31F}.Debug|iPhone.Build.0 = Debug|iPhone
		{C7F33D36-3DF2-484E-83CF-42863E52F31F}.Debug|iPhone.Deploy.0 = Debug|iPhone
		{C7F33D36-3DF2-484E-83CF-42863E52F31F}.Debug|iPhoneSimulator.ActiveCfg = Debug|iPhoneSimulator
		{C7F33D36-3DF2-484E-83CF-42863E52F31F}.Debug|iPhoneSimulator.Build.0 = Debug|iPhoneSimulator
		{C7F33D36-3DF2-484E-83CF-42863E52F31F}.Debug|iPhoneSimulator.Deploy.0 = Debug|iPhoneSimulator
		{C7F33D36-3DF2-484E-83CF-42863E52F31F}.Release|Any CPU.ActiveCfg = Release|iPhone
		{C7F33D36-3DF2-484E-83CF-42863E52F31F}.Release|Any CPU.Build.0 = Release|iPhone
		{C7F33D36-3DF2-484E-83CF-42863E52F31F}.Release|Any CPU.Deploy.0 = Release|iPhone
		{C7F33D36-3DF2-484E-83CF-42863E52F31F}.Release|iPhone.ActiveCfg = Release|iPhone
		{C7F33D36-3DF2-484E-83CF-42863E52F31F}.Release|iPhone.Build.0 = Release|iPhone
		{C7F33D36-3DF2-484E-83CF-42863E52F31F}.Release|iPhone.Deploy.0 = Release|iPhone
		{C7F33D36-3DF2-484E-83CF-42863E52F31F}.Release|iPhoneSimulator.ActiveCfg = Release|iPhoneSimulator
		{C7F33D36-3DF2-484E-83CF-42863E52F31F}.Release|iPhoneSimulator.Build.0 = Release|iPhoneSimulator
		{C7F33D36-3DF2-484E-83CF-42863E52F31F}.Release|iPhoneSimulator.Deploy.0 = Release|iPhoneSimulator
		{7A488B4C-10DB-40B8-9ADD-F87E7ED06204}.Ad-Hoc|Any CPU.ActiveCfg = Debug|Any CPU
		{7A488B4C-10DB-40B8-9ADD-F87E7ED06204}.Ad-Hoc|Any CPU.Build.0 = Debug|Any CPU
		{7A488B4C-10DB-40B8-9ADD-F87E7ED06204}.Ad-Hoc|Any CPU.Deploy.0 = Debug|Any CPU
		{7A488B4C-10DB-40B8-9ADD-F87E7ED06204}.Ad-Hoc|iPhone.ActiveCfg = Debug|Any CPU
		{7A488B4C-10DB-40B8-9ADD-F87E7ED06204}.Ad-Hoc|iPhone.Build.0 = Debug|Any CPU
		{7A488B4C-10DB-40B8-9ADD-F87E7ED06204}.Ad-Hoc|iPhone.Deploy.0 = Debug|Any CPU
		{7A488B4C-10DB-40B8-9ADD-F87E7ED06204}.Ad-Hoc|iPhoneSimulator.ActiveCfg = Debug|Any CPU
		{7A488B4C-10DB-40B8-9ADD-F87E7ED06204}.Ad-Hoc|iPhoneSimulator.Build.0 = Debug|Any CPU
		{7A488B4C-10DB-40B8-9ADD-F87E7ED06204}.Ad-Hoc|iPhoneSimulator.Deploy.0 = Debug|Any CPU
		{7A488B4C-10DB-40B8-9ADD-F87E7ED06204}.AppStore|Any CPU.ActiveCfg = Debug|Any CPU
		{7A488B4C-10DB-40B8-9ADD-F87E7ED06204}.AppStore|Any CPU.Build.0 = Debug|Any CPU
		{7A488B4C-10DB-40B8-9ADD-F87E7ED06204}.AppStore|Any CPU.Deploy.0 = Debug|Any CPU
		{7A488B4C-10DB-40B8-9ADD-F87E7ED06204}.AppStore|iPhone.ActiveCfg = Debug|Any CPU
		{7A488B4C-10DB-40B8-9ADD-F87E7ED06204}.AppStore|iPhone.Build.0 = Debug|Any CPU
		{7A488B4C-10DB-40B8-9ADD-F87E7ED06204}.AppStore|iPhone.Deploy.0 = Debug|Any CPU
		{7A488B4C-10DB-40B8-9ADD-F87E7ED06204}.AppStore|iPhoneSimulator.ActiveCfg = Debug|Any CPU
		{7A488B4C-10DB-40B8-9ADD-F87E7ED06204}.AppStore|iPhoneSimulator.Build.0 = Debug|Any CPU
		{7A488B4C-10DB-40B8-9ADD-F87E7ED06204}.AppStore|iPhoneSimulator.Deploy.0 = Debug|Any CPU
		{7A488B4C-10DB-40B8-9ADD-F87E7ED06204}.Debug|Any CPU.ActiveCfg = Debug|Any CPU
		{7A488B4C-10DB-40B8-9ADD-F87E7ED06204}.Debug|Any CPU.Build.0 = Debug|Any CPU
		{7A488B4C-10DB-40B8-9ADD-F87E7ED06204}.Debug|Any CPU.Deploy.0 = Debug|Any CPU
		{7A488B4C-10DB-40B8-9ADD-F87E7ED06204}.Debug|iPhone.ActiveCfg = Debug|Any CPU
		{7A488B4C-10DB-40B8-9ADD-F87E7ED06204}.Debug|iPhone.Build.0 = Debug|Any CPU
		{7A488B4C-10DB-40B8-9ADD-F87E7ED06204}.Debug|iPhone.Deploy.0 = Debug|Any CPU
		{7A488B4C-10DB-40B8-9ADD-F87E7ED06204}.Debug|iPhoneSimulator.ActiveCfg = Debug|Any CPU
		{7A488B4C-10DB-40B8-9ADD-F87E7ED06204}.Debug|iPhoneSimulator.Build.0 = Debug|Any CPU
		{7A488B4C-10DB-40B8-9ADD-F87E7ED06204}.Debug|iPhoneSimulator.Deploy.0 = Debug|Any CPU
		{7A488B4C-10DB-40B8-9ADD-F87E7ED06204}.Release|Any CPU.ActiveCfg = Release|Any CPU
		{7A488B4C-10DB-40B8-9ADD-F87E7ED06204}.Release|Any CPU.Build.0 = Release|Any CPU
		{7A488B4C-10DB-40B8-9ADD-F87E7ED06204}.Release|Any CPU.Deploy.0 = Release|Any CPU
		{7A488B4C-10DB-40B8-9ADD-F87E7ED06204}.Release|iPhone.ActiveCfg = Release|Any CPU
		{7A488B4C-10DB-40B8-9ADD-F87E7ED06204}.Release|iPhone.Build.0 = Release|Any CPU
		{7A488B4C-10DB-40B8-9ADD-F87E7ED06204}.Release|iPhone.Deploy.0 = Release|Any CPU
		{7A488B4C-10DB-40B8-9ADD-F87E7ED06204}.Release|iPhoneSimulator.ActiveCfg = Release|Any CPU
		{7A488B4C-10DB-40B8-9ADD-F87E7ED06204}.Release|iPhoneSimulator.Build.0 = Release|Any CPU
		{7A488B4C-10DB-40B8-9ADD-F87E7ED06204}.Release|iPhoneSimulator.Deploy.0 = Release|Any CPU
	EndGlobalSection
	GlobalSection(SolutionProperties) = preSolution
		HideSolutionNode = FALSE
	EndGlobalSection
	GlobalSection(ExtensibilityGlobals) = postSolution
		SolutionGuid = {D16930CE-EE5C-43CD-8D5D-C55B96A526E0}
	EndGlobalSection
EndGlobal
